
Microsoft Visual Studio Solution File, Format Version 12.00
# Visual Studio Version 17
VisualStudioVersion = 17.4.33205.214
MinimumVisualStudioVersion = 10.0.40219.1
Project("{9A19103F-16F7-4668-BE54-9A1E7A4F7556}") = "KraevedAPI", "KraevedAPI.csproj", "{EF3BDB67-F96B-4270-A439-2C9F1DC2A949}"
EndProject
Project("{2150E333-8FDC-42A3-9474-1A3956D46DE8}") = "Solution Items", "Solution Items", "{01153E3B-B1EF-49A4-B5A1-3DFB28591996}"
	ProjectSection(SolutionItems) = preProject
		.editorconfig = .editorconfig
	EndProjectSection
EndProject
Project("{E53339B2-1760-4266-BCC7-CA923CBCF16C}") = "docker-compose", "docker-compose.dcproj", "{3D518FA2-27E0-496D-9A10-C1C0E2EECB84}"
EndProject
Global
	GlobalSection(SolutionConfigurationPlatforms) = preSolution
		Debug|Any CPU = Debug|Any CPU
		Release|Any CPU = Release|Any CPU
	EndGlobalSection
	GlobalSection(ProjectConfigurationPlatforms) = postSolution
		{EF3BDB67-F96B-4270-A439-2C9F1DC2A949}.Debug|Any CPU.ActiveCfg = Debug|Any CPU
		{EF3BDB67-F96B-4270-A439-2C9F1DC2A949}.Debug|Any CPU.Build.0 = Debug|Any CPU
		{EF3BDB67-F96B-4270-A439-2C9F1DC2A949}.Release|Any CPU.ActiveCfg = Release|Any CPU
		{EF3BDB67-F96B-4270-A439-2C9F1DC2A949}.Release|Any CPU.Build.0 = Release|Any CPU
		{3D518FA2-27E0-496D-9A10-C1C0E2EECB84}.Debug|Any CPU.ActiveCfg = Debug|Any CPU
		{3D518FA2-27E0-496D-9A10-C1C0E2EECB84}.Debug|Any CPU.Build.0 = Debug|Any CPU
		{3D518FA2-27E0-496D-9A10-C1C0E2EECB84}.Release|Any CPU.ActiveCfg = Release|Any CPU
		{3D518FA2-27E0-496D-9A10-C1C0E2EECB84}.Release|Any CPU.Build.0 = Release|Any CPU
	EndGlobalSection
	GlobalSection(SolutionProperties) = preSolution
		HideSolutionNode = FALSE
	EndGlobalSection
	GlobalSection(ExtensibilityGlobals) = postSolution
		SolutionGuid = {E1C332B1-F214-4B1E-A29F-7E07BC9422B3}
	EndGlobalSection
EndGlobal
